// !$*UTF8*$!
{
	archiveVersion = 1;
	classes = {
	};
	objectVersion = 56;
	objects = {

/* Begin PBXBuildFile section */
		379A2C6B29F6731D00B0FD41 /* AppDelegate.swift in Sources */ = {isa = PBXBuildFile; fileRef = 379A2C6A29F6731D00B0FD41 /* AppDelegate.swift */; };
		379A2C6D29F6731D00B0FD41 /* SceneDelegate.swift in Sources */ = {isa = PBXBuildFile; fileRef = 379A2C6C29F6731D00B0FD41 /* SceneDelegate.swift */; };
		379A2C6F29F6731D00B0FD41 /* PokemonViewController.swift in Sources */ = {isa = PBXBuildFile; fileRef = 379A2C6E29F6731D00B0FD41 /* PokemonViewController.swift */; };
		379A2C7229F6731D00B0FD41 /* Main.storyboard in Resources */ = {isa = PBXBuildFile; fileRef = 379A2C7029F6731D00B0FD41 /* Main.storyboard */; };
		379A2C7529F6731D00B0FD41 /* myPokemonList.xcdatamodeld in Sources */ = {isa = PBXBuildFile; fileRef = 379A2C7329F6731D00B0FD41 /* myPokemonList.xcdatamodeld */; };
		379A2C7729F6731F00B0FD41 /* Assets.xcassets in Resources */ = {isa = PBXBuildFile; fileRef = 379A2C7629F6731F00B0FD41 /* Assets.xcassets */; };
		379A2C7A29F6731F00B0FD41 /* LaunchScreen.storyboard in Resources */ = {isa = PBXBuildFile; fileRef = 379A2C7829F6731F00B0FD41 /* LaunchScreen.storyboard */; };
		379A2C8629F679C300B0FD41 /* Pokemon.swift in Sources */ = {isa = PBXBuildFile; fileRef = 379A2C8529F679C300B0FD41 /* Pokemon.swift */; };
		379A2C8829F67FAF00B0FD41 /* PokeTableViewCell.swift in Sources */ = {isa = PBXBuildFile; fileRef = 379A2C8729F67FAF00B0FD41 /* PokeTableViewCell.swift */; };
		37F2407B29F688760076CD46 /* SDWebImage in Frameworks */ = {isa = PBXBuildFile; productRef = 37F2407A29F688760076CD46 /* SDWebImage */; };
		37F7F38729F7B6940044F369 /* PokeDetailViewController.swift in Sources */ = {isa = PBXBuildFile; fileRef = 37F7F38629F7B6940044F369 /* PokeDetailViewController.swift */; };
/* End PBXBuildFile section */

/* Begin PBXFileReference section */
		379A2C6729F6731D00B0FD41 /* myPokemonList.app */ = {isa = PBXFileReference; explicitFileType = wrapper.application; includeInIndex = 0; path = myPokemonList.app; sourceTree = BUILT_PRODUCTS_DIR; };
		379A2C6A29F6731D00B0FD41 /* AppDelegate.swift */ = {isa = PBXFileReference; lastKnownFileType = sourcecode.swift; path = AppDelegate.swift; sourceTree = "<group>"; };
		379A2C6C29F6731D00B0FD41 /* SceneDelegate.swift */ = {isa = PBXFileReference; lastKnownFileType = sourcecode.swift; path = SceneDelegate.swift; sourceTree = "<group>"; };
		379A2C6E29F6731D00B0FD41 /* PokemonViewController.swift */ = {isa = PBXFileReference; lastKnownFileType = sourcecode.swift; path = PokemonViewController.swift; sourceTree = "<group>"; };
		379A2C7129F6731D00B0FD41 /* Base */ = {isa = PBXFileReference; lastKnownFileType = file.storyboard; name = Base; path = Base.lproj/Main.storyboard; sourceTree = "<group>"; };
		379A2C7429F6731D00B0FD41 /* myPokemonList.xcdatamodel */ = {isa = PBXFileReference; lastKnownFileType = wrapper.xcdatamodel; path = myPokemonList.xcdatamodel; sourceTree = "<group>"; };
		379A2C7629F6731F00B0FD41 /* Assets.xcassets */ = {isa = PBXFileReference; lastKnownFileType = folder.assetcatalog; path = Assets.xcassets; sourceTree = "<group>"; };
		379A2C7929F6731F00B0FD41 /* Base */ = {isa = PBXFileReference; lastKnownFileType = file.storyboard; name = Base; path = Base.lproj/LaunchScreen.storyboard; sourceTree = "<group>"; };
		379A2C7B29F6731F00B0FD41 /* Info.plist */ = {isa = PBXFileReference; lastKnownFileType = text.plist.xml; path = Info.plist; sourceTree = "<group>"; };
		379A2C8529F679C300B0FD41 /* Pokemon.swift */ = {isa = PBXFileReference; lastKnownFileType = sourcecode.swift; path = Pokemon.swift; sourceTree = "<group>"; };
		379A2C8729F67FAF00B0FD41 /* PokeTableViewCell.swift */ = {isa = PBXFileReference; lastKnownFileType = sourcecode.swift; path = PokeTableViewCell.swift; sourceTree = "<group>"; };
		37F7F38629F7B6940044F369 /* PokeDetailViewController.swift */ = {isa = PBXFileReference; lastKnownFileType = sourcecode.swift; path = PokeDetailViewController.swift; sourceTree = "<group>"; };
/* End PBXFileReference section */

/* Begin PBXFrameworksBuildPhase section */
		379A2C6429F6731D00B0FD41 /* Frameworks */ = {
			isa = PBXFrameworksBuildPhase;
			buildActionMask = 2147483647;
			files = (
				37F2407B29F688760076CD46 /* SDWebImage in Frameworks */,
			);
			runOnlyForDeploymentPostprocessing = 0;
		};
/* End PBXFrameworksBuildPhase section */

/* Begin PBXGroup section */
		379A2C5E29F6731D00B0FD41 = {
			isa = PBXGroup;
			children = (
				379A2C6929F6731D00B0FD41 /* myPokemonList */,
				379A2C6829F6731D00B0FD41 /* Products */,
			);
			sourceTree = "<group>";
		};
		379A2C6829F6731D00B0FD41 /* Products */ = {
			isa = PBXGroup;
			children = (
				379A2C6729F6731D00B0FD41 /* myPokemonList.app */,
			);
			name = Products;
			sourceTree = "<group>";
		};
		379A2C6929F6731D00B0FD41 /* myPokemonList */ = {
			isa = PBXGroup;
			children = (
				379A2C8429F675B800B0FD41 /* Model */,
				379A2C8129F6747900B0FD41 /* Delegates */,
				379A2C8229F6748F00B0FD41 /* Controllers */,
				379A2C8329F674ED00B0FD41 /* View */,
				379A2C7B29F6731F00B0FD41 /* Info.plist */,
				379A2C7629F6731F00B0FD41 /* Assets.xcassets */,
				379A2C7329F6731D00B0FD41 /* myPokemonList.xcdatamodeld */,
			);
			path = myPokemonList;
			sourceTree = "<group>";
		};
		379A2C8129F6747900B0FD41 /* Delegates */ = {
			isa = PBXGroup;
			children = (
				379A2C6C29F6731D00B0FD41 /* SceneDelegate.swift */,
				379A2C6A29F6731D00B0FD41 /* AppDelegate.swift */,
			);
			path = Delegates;
			sourceTree = "<group>";
		};
		379A2C8229F6748F00B0FD41 /* Controllers */ = {
			isa = PBXGroup;
			children = (
				379A2C6E29F6731D00B0FD41 /* PokemonViewController.swift */,
				37F7F38629F7B6940044F369 /* PokeDetailViewController.swift */,
				379A2C8729F67FAF00B0FD41 /* PokeTableViewCell.swift */,
			);
			path = Controllers;
			sourceTree = "<group>";
		};
		379A2C8329F674ED00B0FD41 /* View */ = {
			isa = PBXGroup;
			children = (
				379A2C7829F6731F00B0FD41 /* LaunchScreen.storyboard */,
				379A2C7029F6731D00B0FD41 /* Main.storyboard */,
			);
			path = View;
			sourceTree = "<group>";
		};
		379A2C8429F675B800B0FD41 /* Model */ = {
			isa = PBXGroup;
			children = (
				379A2C8529F679C300B0FD41 /* Pokemon.swift */,
			);
			path = Model;
			sourceTree = "<group>";
		};
/* End PBXGroup section */

/* Begin PBXNativeTarget section */
		379A2C6629F6731D00B0FD41 /* myPokemonList */ = {
			isa = PBXNativeTarget;
			buildConfigurationList = 379A2C7E29F6731F00B0FD41 /* Build configuration list for PBXNativeTarget "myPokemonList" */;
			buildPhases = (
				379A2C6329F6731D00B0FD41 /* Sources */,
				379A2C6429F6731D00B0FD41 /* Frameworks */,
				379A2C6529F6731D00B0FD41 /* Resources */,
			);
			buildRules = (
			);
			dependencies = (
			);
			name = myPokemonList;
			packageProductDependencies = (
				37F2407A29F688760076CD46 /* SDWebImage */,
			);
			productName = myPokemonList;
			productReference = 379A2C6729F6731D00B0FD41 /* myPokemonList.app */;
			productType = "com.apple.product-type.application";
		};
/* End PBXNativeTarget section */

/* Begin PBXProject section */
		379A2C5F29F6731D00B0FD41 /* Project object */ = {
			isa = PBXProject;
			attributes = {
				BuildIndependentTargetsInParallel = 1;
				LastSwiftUpdateCheck = 1430;
				LastUpgradeCheck = 1430;
				TargetAttributes = {
					379A2C6629F6731D00B0FD41 = {
						CreatedOnToolsVersion = 14.3;
					};
				};
			};
			buildConfigurationList = 379A2C6229F6731D00B0FD41 /* Build configuration list for PBXProject "myPokemonList" */;
			compatibilityVersion = "Xcode 14.0";
			developmentRegion = en;
			hasScannedForEncodings = 0;
			knownRegions = (
				en,
				Base,
			);
			mainGroup = 379A2C5E29F6731D00B0FD41;
			packageReferences = (
				37F2407929F688760076CD46 /* XCRemoteSwiftPackageReference "SDWebImage" */,
			);
			productRefGroup = 379A2C6829F6731D00B0FD41 /* Products */;
			projectDirPath = "";
			projectRoot = "";
			targets = (
				379A2C6629F6731D00B0FD41 /* myPokemonList */,
			);
		};
/* End PBXProject section */

/* Begin PBXResourcesBuildPhase section */
		379A2C6529F6731D00B0FD41 /* Resources */ = {
			isa = PBXResourcesBuildPhase;
			buildActionMask = 2147483647;
			files = (
				379A2C7A29F6731F00B0FD41 /* LaunchScreen.storyboard in Resources */,
				379A2C7729F6731F00B0FD41 /* Assets.xcassets in Resources */,
				379A2C7229F6731D00B0FD41 /* Main.storyboard in Resources */,
			);
			runOnlyForDeploymentPostprocessing = 0;
		};
/* End PBXResourcesBuildPhase section */

/* Begin PBXSourcesBuildPhase section */
		379A2C6329F6731D00B0FD41 /* Sources */ = {
			isa = PBXSourcesBuildPhase;
			buildActionMask = 2147483647;
			files = (
				379A2C8829F67FAF00B0FD41 /* PokeTableViewCell.swift in Sources */,
				379A2C8629F679C300B0FD41 /* Pokemon.swift in Sources */,
				37F7F38729F7B6940044F369 /* PokeDetailViewController.swift in Sources */,
				379A2C6F29F6731D00B0FD41 /* PokemonViewController.swift in Sources */,
				379A2C7529F6731D00B0FD41 /* myPokemonList.xcdatamodeld in Sources */,
				379A2C6B29F6731D00B0FD41 /* AppDelegate.swift in Sources */,
				379A2C6D29F6731D00B0FD41 /* SceneDelegate.swift in Sources */,
			);
			runOnlyForDeploymentPostprocessing = 0;
		};
/* End PBXSourcesBuildPhase section */

/* Begin PBXVariantGroup section */
		379A2C7029F6731D00B0FD41 /* Main.storyboard */ = {
			isa = PBXVariantGroup;
			children = (
				379A2C7129F6731D00B0FD41 /* Base */,
			);
			name = Main.storyboard;
			sourceTree = "<group>";
		};
		379A2C7829F6731F00B0FD41 /* LaunchScreen.storyboard */ = {
			isa = PBXVariantGroup;
			children = (
				379A2C7929F6731F00B0FD41 /* Base */,
			);
			name = LaunchScreen.storyboard;
			sourceTree = "<group>";
		};
/* End PBXVariantGroup section */

/* Begin XCBuildConfiguration section */
		379A2C7C29F6731F00B0FD41 /* Debug */ = {
			isa = XCBuildConfiguration;
			buildSettings = {
				ALWAYS_SEARCH_USER_PATHS = NO;
				CLANG_ANALYZER_NONNULL = YES;
				CLANG_ANALYZER_NUMBER_OBJECT_CONVERSION = YES_AGGRESSIVE;
				CLANG_CXX_LANGUAGE_STANDARD = "gnu++20";
				CLANG_ENABLE_MODULES = YES;
				CLANG_ENABLE_OBJC_ARC = YES;
				CLANG_ENABLE_OBJC_WEAK = YES;
				CLANG_WARN_BLOCK_CAPTURE_AUTORELEASING = YES;
				CLANG_WARN_BOOL_CONVERSION = YES;
				CLANG_WARN_COMMA = YES;
				CLANG_WARN_CONSTANT_CONVERSION = YES;
				CLANG_WARN_DEPRECATED_OBJC_IMPLEMENTATIONS = YES;
				CLANG_WARN_DIRECT_OBJC_ISA_USAGE = YES_ERROR;
				CLANG_WARN_DOCUMENTATION_COMMENTS = YES;
				CLANG_WARN_EMPTY_BODY = YES;
				CLANG_WARN_ENUM_CONVERSION = YES;
				CLANG_WARN_INFINITE_RECURSION = YES;
				CLANG_WARN_INT_CONVERSION = YES;
				CLANG_WARN_NON_LITERAL_NULL_CONVERSION = YES;
				CLANG_WARN_OBJC_IMPLICIT_RETAIN_SELF = YES;
				CLANG_WARN_OBJC_LITERAL_CONVERSION = YES;
				CLANG_WARN_OBJC_ROOT_CLASS = YES_ERROR;
				CLANG_WARN_QUOTED_INCLUDE_IN_FRAMEWORK_HEADER = YES;
				CLANG_WARN_RANGE_LOOP_ANALYSIS = YES;
				CLANG_WARN_STRICT_PROTOTYPES = YES;
				CLANG_WARN_SUSPICIOUS_MOVE = YES;
				CLANG_WARN_UNGUARDED_AVAILABILITY = YES_AGGRESSIVE;
				CLANG_WARN_UNREACHABLE_CODE = YES;
				CLANG_WARN__DUPLICATE_METHOD_MATCH = YES;
				COPY_PHASE_STRIP = NO;
				DEBUG_INFORMATION_FORMAT = dwarf;
				ENABLE_STRICT_OBJC_MSGSEND = YES;
				ENABLE_TESTABILITY = YES;
				GCC_C_LANGUAGE_STANDARD = gnu11;
				GCC_DYNAMIC_NO_PIC = NO;
				GCC_NO_COMMON_BLOCKS = YES;
				GCC_OPTIMIZATION_LEVEL = 0;
				GCC_PREPROCESSOR_DEFINITIONS = (
					"DEBUG=1",
					"$(inherited)",
				);
				GCC_WARN_64_TO_32_BIT_CONVERSION = YES;
				GCC_WARN_ABOUT_RETURN_TYPE = YES_ERROR;
				GCC_WARN_UNDECLARED_SELECTOR = YES;
				GCC_WARN_UNINITIALIZED_AUTOS = YES_AGGRESSIVE;
				GCC_WARN_UNUSED_FUNCTION = YES;
				GCC_WARN_UNUSED_VARIABLE = YES;
				IPHONEOS_DEPLOYMENT_TARGET = 16.4;
				MTL_ENABLE_DEBUG_INFO = INCLUDE_SOURCE;
				MTL_FAST_MATH = YES;
				ONLY_ACTIVE_ARCH = YES;
				SDKROOT = iphoneos;
				SWIFT_ACTIVE_COMPILATION_CONDITIONS = DEBUG;
				SWIFT_OPTIMIZATION_LEVEL = "-Onone";
			};
			name = Debug;
		};
		379A2C7D29F6731F00B0FD41 /* Release */ = {
			isa = XCBuildConfiguration;
			buildSettings = {
				ALWAYS_SEARCH_USER_PATHS = NO;
				CLANG_ANALYZER_NONNULL = YES;
				CLANG_ANALYZER_NUMBER_OBJECT_CONVERSION = YES_AGGRESSIVE;
				CLANG_CXX_LANGUAGE_STANDARD = "gnu++20";
				CLANG_ENABLE_MODULES = YES;
				CLANG_ENABLE_OBJC_ARC = YES;
				CLANG_ENABLE_OBJC_WEAK = YES;
				CLANG_WARN_BLOCK_CAPTURE_AUTORELEASING = YES;
				CLANG_WARN_BOOL_CONVERSION = YES;
				CLANG_WARN_COMMA = YES;
				CLANG_WARN_CONSTANT_CONVERSION = YES;
				CLANG_WARN_DEPRECATED_OBJC_IMPLEMENTATIONS = YES;
				CLANG_WARN_DIRECT_OBJC_ISA_USAGE = YES_ERROR;
				CLANG_WARN_DOCUMENTATION_COMMENTS = YES;
				CLANG_WARN_EMPTY_BODY = YES;
				CLANG_WARN_ENUM_CONVERSION = YES;
				CLANG_WARN_INFINITE_RECURSION = YES;
				CLANG_WARN_INT_CONVERSION = YES;
				CLANG_WARN_NON_LITERAL_NULL_CONVERSION = YES;
				CLANG_WARN_OBJC_IMPLICIT_RETAIN_SELF = YES;
				CLANG_WARN_OBJC_LITERAL_CONVERSION = YES;
				CLANG_WARN_OBJC_ROOT_CLASS = YES_ERROR;
				CLANG_WARN_QUOTED_INCLUDE_IN_FRAMEWORK_HEADER = YES;
				CLANG_WARN_RANGE_LOOP_ANALYSIS = YES;
				CLANG_WARN_STRICT_PROTOTYPES = YES;
				CLANG_WARN_SUSPICIOUS_MOVE = YES;
				CLANG_WARN_UNGUARDED_AVAILABILITY = YES_AGGRESSIVE;
				CLANG_WARN_UNREACHABLE_CODE = YES;
				CLANG_WARN__DUPLICATE_METHOD_MATCH = YES;
				COPY_PHASE_STRIP = NO;
				DEBUG_INFORMATION_FORMAT = "dwarf-with-dsym";
				ENABLE_NS_ASSERTIONS = NO;
				ENABLE_STRICT_OBJC_MSGSEND = YES;
				GCC_C_LANGUAGE_STANDARD = gnu11;
				GCC_NO_COMMON_BLOCKS = YES;
				GCC_WARN_64_TO_32_BIT_CONVERSION = YES;
				GCC_WARN_ABOUT_RETURN_TYPE = YES_ERROR;
				GCC_WARN_UNDECLARED_SELECTOR = YES;
				GCC_WARN_UNINITIALIZED_AUTOS = YES_AGGRESSIVE;
				GCC_WARN_UNUSED_FUNCTION = YES;
				GCC_WARN_UNUSED_VARIABLE = YES;
				IPHONEOS_DEPLOYMENT_TARGET = 16.4;
				MTL_ENABLE_DEBUG_INFO = NO;
				MTL_FAST_MATH = YES;
				SDKROOT = iphoneos;
				SWIFT_COMPILATION_MODE = wholemodule;
				SWIFT_OPTIMIZATION_LEVEL = "-O";
				VALIDATE_PRODUCT = YES;
			};
			name = Release;
		};
		379A2C7F29F6731F00B0FD41 /* Debug */ = {
			isa = XCBuildConfiguration;
			buildSettings = {
				ASSETCATALOG_COMPILER_APPICON_NAME = AppIcon;
				ASSETCATALOG_COMPILER_GLOBAL_ACCENT_COLOR_NAME = AccentColor;
				CODE_SIGN_STYLE = Automatic;
				CURRENT_PROJECT_VERSION = 1;
				DEVELOPMENT_TEAM = MZ3ZM44T2R;
				GENERATE_INFOPLIST_FILE = YES;
				INFOPLIST_FILE = myPokemonList/Info.plist;
				INFOPLIST_KEY_UIApplicationSupportsIndirectInputEvents = YES;
				INFOPLIST_KEY_UILaunchStoryboardName = LaunchScreen;
				INFOPLIST_KEY_UIMainStoryboardFile = Main;
				INFOPLIST_KEY_UISupportedInterfaceOrientations_iPad = "UIInterfaceOrientationPortrait UIInterfaceOrientationPortraitUpsideDown UIInterfaceOrientationLandscapeLeft UIInterfaceOrientationLandscapeRight";
				INFOPLIST_KEY_UISupportedInterfaceOrientations_iPhone = "UIInterfaceOrientationPortrait UIInterfaceOrientationLandscapeLeft UIInterfaceOrientationLandscapeRight";
				LD_RUNPATH_SEARCH_PATHS = (
					"$(inherited)",
					"@executable_path/Frameworks",
				);
				MARKETING_VERSION = 1.0.0;
				PRODUCT_BUNDLE_IDENTIFIER = iOSBootcamp.myPokemonList;
				PRODUCT_NAME = "$(TARGET_NAME)";
				SWIFT_EMIT_LOC_STRINGS = YES;
				SWIFT_VERSION = 5.0;
				TARGETED_DEVICE_FAMILY = "1,2";
			};
			name = Debug;
		};
		379A2C8029F6731F00B0FD41 /* Release */ = {
			isa = XCBuildConfiguration;
			buildSettings = {
				ASSETCATALOG_COMPILER_APPICON_NAME = AppIcon;
				ASSETCATALOG_COMPILER_GLOBAL_ACCENT_COLOR_NAME = AccentColor;
				CODE_SIGN_STYLE = Automatic;
				CURRENT_PROJECT_VERSION = 1;
				DEVELOPMENT_TEAM = MZ3ZM44T2R;
				GENERATE_INFOPLIST_FILE = YES;
				INFOPLIST_FILE = myPokemonList/Info.plist;
				INFOPLIST_KEY_UIApplicationSupportsIndirectInputEvents = YES;
				INFOPLIST_KEY_UILaunchStoryboardName = LaunchScreen;
				INFOPLIST_KEY_UIMainStoryboardFile = Main;
				INFOPLIST_KEY_UISupportedInterfaceOrientations_iPad = "UIInterfaceOrientationPortrait UIInterfaceOrientationPortraitUpsideDown UIInterfaceOrientationLandscapeLeft UIInterfaceOrientationLandscapeRight";
				INFOPLIST_KEY_UISupportedInterfaceOrientations_iPhone = "UIInterfaceOrientationPortrait UIInterfaceOrientationLandscapeLeft UIInterfaceOrientationLandscapeRight";
				LD_RUNPATH_SEARCH_PATHS = (
					"$(inherited)",
					"@executable_path/Frameworks",
				);
				MARKETING_VERSION = 1.0.0;
				PRODUCT_BUNDLE_IDENTIFIER = iOSBootcamp.myPokemonList;
				PRODUCT_NAME = "$(TARGET_NAME)";
				SWIFT_EMIT_LOC_STRINGS = YES;
				SWIFT_VERSION = 5.0;
				TARGETED_DEVICE_FAMILY = "1,2";
			};
			name = Release;
		};
/* End XCBuildConfiguration section */

/* Begin XCConfigurationList section */
		379A2C6229F6731D00B0FD41 /* Build configuration list for PBXProject "myPokemonList" */ = {
			isa = XCConfigurationList;
			buildConfigurations = (
				379A2C7C29F6731F00B0FD41 /* Debug */,
				379A2C7D29F6731F00B0FD41 /* Release */,
			);
			defaultConfigurationIsVisible = 0;
			defaultConfigurationName = Release;
		};
		379A2C7E29F6731F00B0FD41 /* Build configuration list for PBXNativeTarget "myPokemonList" */ = {
			isa = XCConfigurationList;
			buildConfigurations = (
				379A2C7F29F6731F00B0FD41 /* Debug */,
				379A2C8029F6731F00B0FD41 /* Release */,
			);
			defaultConfigurationIsVisible = 0;
			defaultConfigurationName = Release;
		};
/* End XCConfigurationList section */

/* Begin XCRemoteSwiftPackageReference section */
		37F2407929F688760076CD46 /* XCRemoteSwiftPackageReference "SDWebImage" */ = {
			isa = XCRemoteSwiftPackageReference;
			repositoryURL = "https://github.com/SDWebImage/SDWebImage.git";
			requirement = {
				kind = upToNextMajorVersion;
				minimumVersion = 5.0.0;
			};
		};
/* End XCRemoteSwiftPackageReference section */

/* Begin XCSwiftPackageProductDependency section */
		37F2407A29F688760076CD46 /* SDWebImage */ = {
			isa = XCSwiftPackageProductDependency;
			package = 37F2407929F688760076CD46 /* XCRemoteSwiftPackageReference "SDWebImage" */;
			productName = SDWebImage;
		};
/* End XCSwiftPackageProductDependency section */

/* Begin XCVersionGroup section */
		379A2C7329F6731D00B0FD41 /* myPokemonList.xcdatamodeld */ = {
			isa = XCVersionGroup;
			children = (
				379A2C7429F6731D00B0FD41 /* myPokemonList.xcdatamodel */,
			);
			currentVersion = 379A2C7429F6731D00B0FD41 /* myPokemonList.xcdatamodel */;
			path = myPokemonList.xcdatamodeld;
			sourceTree = "<group>";
			versionGroupType = wrapper.xcdatamodel;
		};
/* End XCVersionGroup section */
	};
	rootObject = 379A2C5F29F6731D00B0FD41 /* Project object */;
}
